
Microsoft Visual Studio Solution File, Format Version 10.00
# Visual Studio 2008
Project("{8BC9CEB8-8B4A-11D0-8D11-00A0C91BC942}") = "GDQ 메신저 - 클라이언트", "GDQ 메신저 - 클라이언트\GDQ 메신저 - 클라이언트.vcproj", "{A51900B2-F7E0-4A46-8372-70CE0384CD6A}"
EndProject
Project("{8BC9CEB8-8B4A-11D0-8D11-00A0C91BC942}") = "GDQ 메신저 - 서버", "GDQ 메신저 - 서버\GDQ 메신저 - 서버.vcproj", "{70AD486C-4B5B-482B-ACDB-6F547B305B15}"
EndProject
Global
	GlobalSection(SubversionScc) = preSolution
		Svn-Managed = True
		Manager = AnkhSVN - Subversion Support for Visual Studio
	EndGlobalSection
	GlobalSection(SolutionConfigurationPlatforms) = preSolution
		Debug|Win32 = Debug|Win32
		Release|Win32 = Release|Win32
	EndGlobalSection
	GlobalSection(ProjectConfigurationPlatforms) = postSolution
		{A51900B2-F7E0-4A46-8372-70CE0384CD6A}.Debug|Win32.ActiveCfg = Debug|Win32
		{A51900B2-F7E0-4A46-8372-70CE0384CD6A}.Debug|Win32.Build.0 = Debug|Win32
		{A51900B2-F7E0-4A46-8372-70CE0384CD6A}.Release|Win32.ActiveCfg = Release|Win32
		{A51900B2-F7E0-4A46-8372-70CE0384CD6A}.Release|Win32.Build.0 = Release|Win32
		{70AD486C-4B5B-482B-ACDB-6F547B305B15}.Debug|Win32.ActiveCfg = Debug|Win32
		{70AD486C-4B5B-482B-ACDB-6F547B305B15}.Debug|Win32.Build.0 = Debug|Win32
		{70AD486C-4B5B-482B-ACDB-6F547B305B15}.Release|Win32.ActiveCfg = Release|Win32
		{70AD486C-4B5B-482B-ACDB-6F547B305B15}.Release|Win32.Build.0 = Release|Win32
	EndGlobalSection
	GlobalSection(SolutionProperties) = preSolution
		HideSolutionNode = FALSE
	EndGlobalSection
EndGlobal
